
Microsoft Visual Studio Solution File, Format Version 12.00
# Visual Studio Version 17
VisualStudioVersion = 17.8.34316.72
MinimumVisualStudioVersion = 10.0.40219.1
Project("{FAE04EC0-301F-11D3-BF4B-00C04F79EFBC}") = "api", "api\api.csproj", "{9BFA9352-281E-48F2-89DB-761023E4DD7E}"
EndProject
Global
	GlobalSection(SolutionConfigurationPlatforms) = preSolution
		Debug|Any CPU = Debug|Any CPU
		Release|Any CPU = Release|Any CPU
	EndGlobalSection
	GlobalSection(ProjectConfigurationPlatforms) = postSolution
		{9BFA9352-281E-48F2-89DB-761023E4DD7E}.Debug|Any CPU.ActiveCfg = Debug|Any CPU
		{9BFA9352-281E-48F2-89DB-761023E4DD7E}.Debug|Any CPU.Build.0 = Debug|Any CPU
		{9BFA9352-281E-48F2-89DB-761023E4DD7E}.Release|Any CPU.ActiveCfg = Release|Any CPU
		{9BFA9352-281E-48F2-89DB-761023E4DD7E}.Release|Any CPU.Build.0 = Release|Any CPU
	EndGlobalSection
	GlobalSection(SolutionProperties) = preSolution
		HideSolutionNode = FALSE
	EndGlobalSection
	GlobalSection(ExtensibilityGlobals) = postSolution
		SolutionGuid = {987E023D-8AAC-4B88-A233-DB78F3AAD853}
	EndGlobalSection
EndGlobal
